// !$*UTF8*$!
{
	archiveVersion = 1;
	classes = {
	};
	objectVersion = 46;
	objects = {

/* Begin PBXBuildFile section */
		5C4CAD0B1BB13CA600E3E152 /* RACustomCameraController.m in Sources */ = {isa = PBXBuildFile; fileRef = 5C4CAD0A1BB13CA600E3E152 /* RACustomCameraController.m */; settings = {ASSET_TAGS = (); }; };
		5CF338B41BAFF22C00F60ACD /* main.m in Sources */ = {isa = PBXBuildFile; fileRef = 5CF338B31BAFF22C00F60ACD /* main.m */; };
		5CF338B71BAFF22C00F60ACD /* AppDelegate.m in Sources */ = {isa = PBXBuildFile; fileRef = 5CF338B61BAFF22C00F60ACD /* AppDelegate.m */; };
		5CF338BD1BAFF22C00F60ACD /* Main.storyboard in Resources */ = {isa = PBXBuildFile; fileRef = 5CF338BB1BAFF22C00F60ACD /* Main.storyboard */; };
		5CF338BF1BAFF22C00F60ACD /* Assets.xcassets in Resources */ = {isa = PBXBuildFile; fileRef = 5CF338BE1BAFF22C00F60ACD /* Assets.xcassets */; };
		5CF338C21BAFF22C00F60ACD /* LaunchScreen.storyboard in Resources */ = {isa = PBXBuildFile; fileRef = 5CF338C01BAFF22C00F60ACD /* LaunchScreen.storyboard */; };
		5CF338CD1BAFF22C00F60ACD /* RACustomCameraTests.m in Sources */ = {isa = PBXBuildFile; fileRef = 5CF338CC1BAFF22C00F60ACD /* RACustomCameraTests.m */; };
		5CF338D81BAFF22C00F60ACD /* RACustomCameraUITests.m in Sources */ = {isa = PBXBuildFile; fileRef = 5CF338D71BAFF22C00F60ACD /* RACustomCameraUITests.m */; };
/* End PBXBuildFile section */

/* Begin PBXContainerItemProxy section */
		5CF338C91BAFF22C00F60ACD /* PBXContainerItemProxy */ = {
			isa = PBXContainerItemProxy;
			containerPortal = 5CF338A71BAFF22C00F60ACD /* Project object */;
			proxyType = 1;
			remoteGlobalIDString = 5CF338AE1BAFF22C00F60ACD;
			remoteInfo = RACustomCamera;
		};
		5CF338D41BAFF22C00F60ACD /* PBXContainerItemProxy */ = {
			isa = PBXContainerItemProxy;
			containerPortal = 5CF338A71BAFF22C00F60ACD /* Project object */;
			proxyType = 1;
			remoteGlobalIDString = 5CF338AE1BAFF22C00F60ACD;
			remoteInfo = RACustomCamera;
		};
/* End PBXContainerItemProxy section */

/* Begin PBXFileReference section */
		5C4CAD091BB13CA600E3E152 /* RACustomCameraController.h */ = {isa = PBXFileReference; fileEncoding = 4; lastKnownFileType = sourcecode.c.h; path = RACustomCameraController.h; sourceTree = "<group>"; };
		5C4CAD0A1BB13CA600E3E152 /* RACustomCameraController.m */ = {isa = PBXFileReference; fileEncoding = 4; lastKnownFileType = sourcecode.c.objc; path = RACustomCameraController.m; sourceTree = "<group>"; };
		5CF338AF1BAFF22C00F60ACD /* RACustomCamera.app */ = {isa = PBXFileReference; explicitFileType = wrapper.application; includeInIndex = 0; path = RACustomCamera.app; sourceTree = BUILT_PRODUCTS_DIR; };
		5CF338B31BAFF22C00F60ACD /* main.m */ = {isa = PBXFileReference; lastKnownFileType = sourcecode.c.objc; path = main.m; sourceTree = "<group>"; };
		5CF338B51BAFF22C00F60ACD /* AppDelegate.h */ = {isa = PBXFileReference; lastKnownFileType = sourcecode.c.h; path = AppDelegate.h; sourceTree = "<group>"; };
		5CF338B61BAFF22C00F60ACD /* AppDelegate.m */ = {isa = PBXFileReference; lastKnownFileType = sourcecode.c.objc; path = AppDelegate.m; sourceTree = "<group>"; };
		5CF338BC1BAFF22C00F60ACD /* Base */ = {isa = PBXFileReference; lastKnownFileType = file.storyboard; name = Base; path = Base.lproj/Main.storyboard; sourceTree = "<group>"; };
		5CF338BE1BAFF22C00F60ACD /* Assets.xcassets */ = {isa = PBXFileReference; lastKnownFileType = folder.assetcatalog; path = Assets.xcassets; sourceTree = "<group>"; };
		5CF338C11BAFF22C00F60ACD /* Base */ = {isa = PBXFileReference; lastKnownFileType = file.storyboard; name = Base; path = Base.lproj/LaunchScreen.storyboard; sourceTree = "<group>"; };
		5CF338C31BAFF22C00F60ACD /* Info.plist */ = {isa = PBXFileReference; lastKnownFileType = text.plist.xml; path = Info.plist; sourceTree = "<group>"; };
		5CF338C81BAFF22C00F60ACD /* RACustomCameraTests.xctest */ = {isa = PBXFileReference; explicitFileType = wrapper.cfbundle; includeInIndex = 0; path = RACustomCameraTests.xctest; sourceTree = BUILT_PRODUCTS_DIR; };
		5CF338CC1BAFF22C00F60ACD /* RACustomCameraTests.m */ = {isa = PBXFileReference; lastKnownFileType = sourcecode.c.objc; path = RACustomCameraTests.m; sourceTree = "<group>"; };
		5CF338CE1BAFF22C00F60ACD /* Info.plist */ = {isa = PBXFileReference; lastKnownFileType = text.plist.xml; path = Info.plist; sourceTree = "<group>"; };
		5CF338D31BAFF22C00F60ACD /* RACustomCameraUITests.xctest */ = {isa = PBXFileReference; explicitFileType = wrapper.cfbundle; includeInIndex = 0; path = RACustomCameraUITests.xctest; sourceTree = BUILT_PRODUCTS_DIR; };
		5CF338D71BAFF22C00F60ACD /* RACustomCameraUITests.m */ = {isa = PBXFileReference; lastKnownFileType = sourcecode.c.objc; path = RACustomCameraUITests.m; sourceTree = "<group>"; };
		5CF338D91BAFF22C00F60ACD /* Info.plist */ = {isa = PBXFileReference; lastKnownFileType = text.plist.xml; path = Info.plist; sourceTree = "<group>"; };
/* End PBXFileReference section */

/* Begin PBXFrameworksBuildPhase section */
		5CF338AC1BAFF22C00F60ACD /* Frameworks */ = {
			isa = PBXFrameworksBuildPhase;
			buildActionMask = 2147483647;
			files = (
			);
			runOnlyForDeploymentPostprocessing = 0;
		};
		5CF338C51BAFF22C00F60ACD /* Frameworks */ = {
			isa = PBXFrameworksBuildPhase;
			buildActionMask = 2147483647;
			files = (
			);
			runOnlyForDeploymentPostprocessing = 0;
		};
		5CF338D01BAFF22C00F60ACD /* Frameworks */ = {
			isa = PBXFrameworksBuildPhase;
			buildActionMask = 2147483647;
			files = (
			);
			runOnlyForDeploymentPostprocessing = 0;
		};
/* End PBXFrameworksBuildPhase section */

/* Begin PBXGroup section */
		5CF338A61BAFF22C00F60ACD = {
			isa = PBXGroup;
			children = (
				5CF338B11BAFF22C00F60ACD /* RACustomCamera */,
				5CF338CB1BAFF22C00F60ACD /* RACustomCameraTests */,
				5CF338D61BAFF22C00F60ACD /* RACustomCameraUITests */,
				5CF338B01BAFF22C00F60ACD /* Products */,
			);
			sourceTree = "<group>";
		};
		5CF338B01BAFF22C00F60ACD /* Products */ = {
			isa = PBXGroup;
			children = (
				5CF338AF1BAFF22C00F60ACD /* RACustomCamera.app */,
				5CF338C81BAFF22C00F60ACD /* RACustomCameraTests.xctest */,
				5CF338D31BAFF22C00F60ACD /* RACustomCameraUITests.xctest */,
			);
			name = Products;
			sourceTree = "<group>";
		};
		5CF338B11BAFF22C00F60ACD /* RACustomCamera */ = {
			isa = PBXGroup;
			children = (
				5CF338E51BAFF3E900F60ACD /* RACustomCamera */,
				5CF338B51BAFF22C00F60ACD /* AppDelegate.h */,
				5CF338B61BAFF22C00F60ACD /* AppDelegate.m */,
				5CF338BB1BAFF22C00F60ACD /* Main.storyboard */,
				5CF338BE1BAFF22C00F60ACD /* Assets.xcassets */,
				5CF338C01BAFF22C00F60ACD /* LaunchScreen.storyboard */,
				5CF338C31BAFF22C00F60ACD /* Info.plist */,
				5CF338B21BAFF22C00F60ACD /* Supporting Files */,
			);
			path = RACustomCamera;
			sourceTree = "<group>";
		};
		5CF338B21BAFF22C00F60ACD /* Supporting Files */ = {
			isa = PBXGroup;
			children = (
				5CF338B31BAFF22C00F60ACD /* main.m */,
			);
			name = "Supporting Files";
			sourceTree = "<group>";
		};
		5CF338CB1BAFF22C00F60ACD /* RACustomCameraTests */ = {
			isa = PBXGroup;
			children = (
				5CF338CC1BAFF22C00F60ACD /* RACustomCameraTests.m */,
				5CF338CE1BAFF22C00F60ACD /* Info.plist */,
			);
			path = RACustomCameraTests;
			sourceTree = "<group>";
		};
		5CF338D61BAFF22C00F60ACD /* RACustomCameraUITests */ = {
			isa = PBXGroup;
			children = (
				5CF338D71BAFF22C00F60ACD /* RACustomCameraUITests.m */,
				5CF338D91BAFF22C00F60ACD /* Info.plist */,
			);
			path = RACustomCameraUITests;
			sourceTree = "<group>";
		};
		5CF338E51BAFF3E900F60ACD /* RACustomCamera */ = {
			isa = PBXGroup;
			children = (
				5C4CAD091BB13CA600E3E152 /* RACustomCameraController.h */,
				5C4CAD0A1BB13CA600E3E152 /* RACustomCameraController.m */,
			);
			path = RACustomCamera;
			sourceTree = "<group>";
		};
/* End PBXGroup section */

/* Begin PBXNativeTarget section */
		5CF338AE1BAFF22C00F60ACD /* RACustomCamera */ = {
			isa = PBXNativeTarget;
			buildConfigurationList = 5CF338DC1BAFF22C00F60ACD /* Build configuration list for PBXNativeTarget "RACustomCamera" */;
			buildPhases = (
				5CF338AB1BAFF22C00F60ACD /* Sources */,
				5CF338AC1BAFF22C00F60ACD /* Frameworks */,
				5CF338AD1BAFF22C00F60ACD /* Resources */,
			);
			buildRules = (
			);
			dependencies = (
			);
			name = RACustomCamera;
			productName = RACustomCamera;
			productReference = 5CF338AF1BAFF22C00F60ACD /* RACustomCamera.app */;
			productType = "com.apple.product-type.application";
		};
		5CF338C71BAFF22C00F60ACD /* RACustomCameraTests */ = {
			isa = PBXNativeTarget;
			buildConfigurationList = 5CF338DF1BAFF22C00F60ACD /* Build configuration list for PBXNativeTarget "RACustomCameraTests" */;
			buildPhases = (
				5CF338C41BAFF22C00F60ACD /* Sources */,
				5CF338C51BAFF22C00F60ACD /* Frameworks */,
				5CF338C61BAFF22C00F60ACD /* Resources */,
			);
			buildRules = (
			);
			dependencies = (
				5CF338CA1BAFF22C00F60ACD /* PBXTargetDependency */,
			);
			name = RACustomCameraTests;
			productName = RACustomCameraTests;
			productReference = 5CF338C81BAFF22C00F60ACD /* RACustomCameraTests.xctest */;
			productType = "com.apple.product-type.bundle.unit-test";
		};
		5CF338D21BAFF22C00F60ACD /* RACustomCameraUITests */ = {
			isa = PBXNativeTarget;
			buildConfigurationList = 5CF338E21BAFF22C00F60ACD /* Build configuration list for PBXNativeTarget "RACustomCameraUITests" */;
			buildPhases = (
				5CF338CF1BAFF22C00F60ACD /* Sources */,
				5CF338D01BAFF22C00F60ACD /* Frameworks */,
				5CF338D11BAFF22C00F60ACD /* Resources */,
			);
			buildRules = (
			);
			dependencies = (
				5CF338D51BAFF22C00F60ACD /* PBXTargetDependency */,
			);
			name = RACustomCameraUITests;
			productName = RACustomCameraUITests;
			productReference = 5CF338D31BAFF22C00F60ACD /* RACustomCameraUITests.xctest */;
			productType = "com.apple.product-type.bundle.ui-testing";
		};
/* End PBXNativeTarget section */

/* Begin PBXProject section */
		5CF338A71BAFF22C00F60ACD /* Project object */ = {
			isa = PBXProject;
			attributes = {
				LastUpgradeCheck = 0700;
				ORGANIZATIONNAME = Rocky;
				TargetAttributes = {
					5CF338AE1BAFF22C00F60ACD = {
						CreatedOnToolsVersion = 7.0;
					};
					5CF338C71BAFF22C00F60ACD = {
						CreatedOnToolsVersion = 7.0;
						TestTargetID = 5CF338AE1BAFF22C00F60ACD;
					};
					5CF338D21BAFF22C00F60ACD = {
						CreatedOnToolsVersion = 7.0;
						TestTargetID = 5CF338AE1BAFF22C00F60ACD;
					};
				};
			};
			buildConfigurationList = 5CF338AA1BAFF22C00F60ACD /* Build configuration list for PBXProject "RACustomCamera" */;
			compatibilityVersion = "Xcode 3.2";
			developmentRegion = English;
			hasScannedForEncodings = 0;
			knownRegions = (
				en,
				Base,
			);
			mainGroup = 5CF338A61BAFF22C00F60ACD;
			productRefGroup = 5CF338B01BAFF22C00F60ACD /* Products */;
			projectDirPath = "";
			projectRoot = "";
			targets = (
				5CF338AE1BAFF22C00F60ACD /* RACustomCamera */,
				5CF338C71BAFF22C00F60ACD /* RACustomCameraTests */,
				5CF338D21BAFF22C00F60ACD /* RACustomCameraUITests */,
			);
		};
/* End PBXProject section */

/* Begin PBXResourcesBuildPhase section */
		5CF338AD1BAFF22C00F60ACD /* Resources */ = {
			isa = PBXResourcesBuildPhase;
			buildActionMask = 2147483647;
			files = (
				5CF338C21BAFF22C00F60ACD /* LaunchScreen.storyboard in Resources */,
				5CF338BF1BAFF22C00F60ACD /* Assets.xcassets in Resources */,
				5CF338BD1BAFF22C00F60ACD /* Main.storyboard in Resources */,
			);
			runOnlyForDeploymentPostprocessing = 0;
		};
		5CF338C61BAFF22C00F60ACD /* Resources */ = {
			isa = PBXResourcesBuildPhase;
			buildActionMask = 2147483647;
			files = (
			);
			runOnlyForDeploymentPostprocessing = 0;
		};
		5CF338D11BAFF22C00F60ACD /* Resources */ = {
			isa = PBXResourcesBuildPhase;
			buildActionMask = 2147483647;
			files = (
			);
			runOnlyForDeploymentPostprocessing = 0;
		};
/* End PBXResourcesBuildPhase section */

/* Begin PBXSourcesBuildPhase section */
		5CF338AB1BAFF22C00F60ACD /* Sources */ = {
			isa = PBXSourcesBuildPhase;
			buildActionMask = 2147483647;
			files = (
				5C4CAD0B1BB13CA600E3E152 /* RACustomCameraController.m in Sources */,
				5CF338B71BAFF22C00F60ACD /* AppDelegate.m in Sources */,
				5CF338B41BAFF22C00F60ACD /* main.m in Sources */,
			);
			runOnlyForDeploymentPostprocessing = 0;
		};
		5CF338C41BAFF22C00F60ACD /* Sources */ = {
			isa = PBXSourcesBuildPhase;
			buildActionMask = 2147483647;
			files = (
				5CF338CD1BAFF22C00F60ACD /* RACustomCameraTests.m in Sources */,
			);
			runOnlyForDeploymentPostprocessing = 0;
		};
		5CF338CF1BAFF22C00F60ACD /* Sources */ = {
			isa = PBXSourcesBuildPhase;
			buildActionMask = 2147483647;
			files = (
				5CF338D81BAFF22C00F60ACD /* RACustomCameraUITests.m in Sources */,
			);
			runOnlyForDeploymentPostprocessing = 0;
		};
/* End PBXSourcesBuildPhase section */

/* Begin PBXTargetDependency section */
		5CF338CA1BAFF22C00F60ACD /* PBXTargetDependency */ = {
			isa = PBXTargetDependency;
			target = 5CF338AE1BAFF22C00F60ACD /* RACustomCamera */;
			targetProxy = 5CF338C91BAFF22C00F60ACD /* PBXContainerItemProxy */;
		};
		5CF338D51BAFF22C00F60ACD /* PBXTargetDependency */ = {
			isa = PBXTargetDependency;
			target = 5CF338AE1BAFF22C00F60ACD /* RACustomCamera */;
			targetProxy = 5CF338D41BAFF22C00F60ACD /* PBXContainerItemProxy */;
		};
/* End PBXTargetDependency section */

/* Begin PBXVariantGroup section */
		5CF338BB1BAFF22C00F60ACD /* Main.storyboard */ = {
			isa = PBXVariantGroup;
			children = (
				5CF338BC1BAFF22C00F60ACD /* Base */,
			);
			name = Main.storyboard;
			sourceTree = "<group>";
		};
		5CF338C01BAFF22C00F60ACD /* LaunchScreen.storyboard */ = {
			isa = PBXVariantGroup;
			children = (
				5CF338C11BAFF22C00F60ACD /* Base */,
			);
			name = LaunchScreen.storyboard;
			sourceTree = "<group>";
		};
/* End PBXVariantGroup section */

/* Begin XCBuildConfiguration section */
		5CF338DA1BAFF22C00F60ACD /* Debug */ = {
			isa = XCBuildConfiguration;
			buildSettings = {
				ALWAYS_SEARCH_USER_PATHS = NO;
				CLANG_CXX_LANGUAGE_STANDARD = "gnu++0x";
				CLANG_CXX_LIBRARY = "libc++";
				CLANG_ENABLE_MODULES = YES;
				CLANG_ENABLE_OBJC_ARC = YES;
				CLANG_WARN_BOOL_CONVERSION = YES;
				CLANG_WARN_CONSTANT_CONVERSION = YES;
				CLANG_WARN_DIRECT_OBJC_ISA_USAGE = YES_ERROR;
				CLANG_WARN_EMPTY_BODY = YES;
				CLANG_WARN_ENUM_CONVERSION = YES;
				CLANG_WARN_INT_CONVERSION = YES;
				CLANG_WARN_OBJC_ROOT_CLASS = YES_ERROR;
				CLANG_WARN_UNREACHABLE_CODE = YES;
				CLANG_WARN__DUPLICATE_METHOD_MATCH = YES;
				"CODE_SIGN_IDENTITY[sdk=iphoneos*]" = "iPhone Developer";
				COPY_PHASE_STRIP = NO;
				DEBUG_INFORMATION_FORMAT = dwarf;
				ENABLE_STRICT_OBJC_MSGSEND = YES;
				ENABLE_TESTABILITY = YES;
				GCC_C_LANGUAGE_STANDARD = gnu99;
				GCC_DYNAMIC_NO_PIC = NO;
				GCC_NO_COMMON_BLOCKS = YES;
				GCC_OPTIMIZATION_LEVEL = 0;
				GCC_PREPROCESSOR_DEFINITIONS = (
					"DEBUG=1",
					"$(inherited)",
				);
				GCC_WARN_64_TO_32_BIT_CONVERSION = YES;
				GCC_WARN_ABOUT_RETURN_TYPE = YES_ERROR;
				GCC_WARN_UNDECLARED_SELECTOR = YES;
				GCC_WARN_UNINITIALIZED_AUTOS = YES_AGGRESSIVE;
				GCC_WARN_UNUSED_FUNCTION = YES;
				GCC_WARN_UNUSED_VARIABLE = YES;
				IPHONEOS_DEPLOYMENT_TARGET = 9.0;
				MTL_ENABLE_DEBUG_INFO = YES;
				ONLY_ACTIVE_ARCH = YES;
				SDKROOT = iphoneos;
			};
			name = Debug;
		};
		5CF338DB1BAFF22C00F60ACD /* Release */ = {
			isa = XCBuildConfiguration;
			buildSettings = {
				ALWAYS_SEARCH_USER_PATHS = NO;
				CLANG_CXX_LANGUAGE_STANDARD = "gnu++0x";
				CLANG_CXX_LIBRARY = "libc++";
				CLANG_ENABLE_MODULES = YES;
				CLANG_ENABLE_OBJC_ARC = YES;
				CLANG_WARN_BOOL_CONVERSION = YES;
				CLANG_WARN_CONSTANT_CONVERSION = YES;
				CLANG_WARN_DIRECT_OBJC_ISA_USAGE = YES_ERROR;
				CLANG_WARN_EMPTY_BODY = YES;
				CLANG_WARN_ENUM_CONVERSION = YES;
				CLANG_WARN_INT_CONVERSION = YES;
				CLANG_WARN_OBJC_ROOT_CLASS = YES_ERROR;
				CLANG_WARN_UNREACHABLE_CODE = YES;
				CLANG_WARN__DUPLICATE_METHOD_MATCH = YES;
				"CODE_SIGN_IDENTITY[sdk=iphoneos*]" = "iPhone Developer";
				COPY_PHASE_STRIP = NO;
				DEBUG_INFORMATION_FORMAT = "dwarf-with-dsym";
				ENABLE_NS_ASSERTIONS = NO;
				ENABLE_STRICT_OBJC_MSGSEND = YES;
				GCC_C_LANGUAGE_STANDARD = gnu99;
				GCC_NO_COMMON_BLOCKS = YES;
				GCC_WARN_64_TO_32_BIT_CONVERSION = YES;
				GCC_WARN_ABOUT_RETURN_TYPE = YES_ERROR;
				GCC_WARN_UNDECLARED_SELECTOR = YES;
				GCC_WARN_UNINITIALIZED_AUTOS = YES_AGGRESSIVE;
				GCC_WARN_UNUSED_FUNCTION = YES;
				GCC_WARN_UNUSED_VARIABLE = YES;
				IPHONEOS_DEPLOYMENT_TARGET = 9.0;
				MTL_ENABLE_DEBUG_INFO = NO;
				SDKROOT = iphoneos;
				VALIDATE_PRODUCT = YES;
			};
			name = Release;
		};
		5CF338DD1BAFF22C00F60ACD /* Debug */ = {
			isa = XCBuildConfiguration;
			buildSettings = {
				ASSETCATALOG_COMPILER_APPICON_NAME = AppIcon;
				FRAMEWORK_SEARCH_PATHS = (
					"$(inherited)",
					"$(PROJECT_DIR)/RACustomCamera",
				);
				INFOPLIST_FILE = RACustomCamera/Info.plist;
				IPHONEOS_DEPLOYMENT_TARGET = 7.1;
				LD_RUNPATH_SEARCH_PATHS = "$(inherited) @executable_path/Frameworks";
				PRODUCT_BUNDLE_IDENTIFIER = com.ra.RACustomCamera;
				PRODUCT_NAME = RACustomCamera;
				TARGETED_DEVICE_FAMILY = 1;
			};
			name = Debug;
		};
		5CF338DE1BAFF22C00F60ACD /* Release */ = {
			isa = XCBuildConfiguration;
			buildSettings = {
				ASSETCATALOG_COMPILER_APPICON_NAME = AppIcon;
				FRAMEWORK_SEARCH_PATHS = (
					"$(inherited)",
					"$(PROJECT_DIR)/RACustomCamera",
				);
				INFOPLIST_FILE = RACustomCamera/Info.plist;
				IPHONEOS_DEPLOYMENT_TARGET = 7.1;
				LD_RUNPATH_SEARCH_PATHS = "$(inherited) @executable_path/Frameworks";
				PRODUCT_BUNDLE_IDENTIFIER = com.ra.RACustomCamera;
				PRODUCT_NAME = RACustomCamera;
				TARGETED_DEVICE_FAMILY = 1;
			};
			name = Release;
		};
		5CF338E01BAFF22C00F60ACD /* Debug */ = {
			isa = XCBuildConfiguration;
			buildSettings = {
				BUNDLE_LOADER = "$(TEST_HOST)";
				INFOPLIST_FILE = RACustomCameraTests/Info.plist;
				LD_RUNPATH_SEARCH_PATHS = "$(inherited) @executable_path/Frameworks @loader_path/Frameworks";
				PRODUCT_BUNDLE_IDENTIFIER = com.ra.RACustomCameraTests;
				PRODUCT_NAME = "$(TARGET_NAME)";
				TEST_HOST = "$(BUILT_PRODUCTS_DIR)/RACustomCamera.app/RACustomCamera";
			};
			name = Debug;
		};
		5CF338E11BAFF22C00F60ACD /* Release */ = {
			isa = XCBuildConfiguration;
			buildSettings = {
				BUNDLE_LOADER = "$(TEST_HOST)";
				INFOPLIST_FILE = RACustomCameraTests/Info.plist;
				LD_RUNPATH_SEARCH_PATHS = "$(inherited) @executable_path/Frameworks @loader_path/Frameworks";
				PRODUCT_BUNDLE_IDENTIFIER = com.ra.RACustomCameraTests;
				PRODUCT_NAME = "$(TARGET_NAME)";
				TEST_HOST = "$(BUILT_PRODUCTS_DIR)/RACustomCamera.app/RACustomCamera";
			};
			name = Release;
		};
		5CF338E31BAFF22C00F60ACD /* Debug */ = {
			isa = XCBuildConfiguration;
			buildSettings = {
				INFOPLIST_FILE = RACustomCameraUITests/Info.plist;
				LD_RUNPATH_SEARCH_PATHS = "$(inherited) @executable_path/Frameworks @loader_path/Frameworks";
				PRODUCT_BUNDLE_IDENTIFIER = com.ra.RACustomCameraUITests;
				PRODUCT_NAME = "$(TARGET_NAME)";
				TEST_TARGET_NAME = RACustomCamera;
				USES_XCTRUNNER = YES;
			};
			name = Debug;
		};
		5CF338E41BAFF22C00F60ACD /* Release */ = {
			isa = XCBuildConfiguration;
			buildSettings = {
				INFOPLIST_FILE = RACustomCameraUITests/Info.plist;
				LD_RUNPATH_SEARCH_PATHS = "$(inherited) @executable_path/Frameworks @loader_path/Frameworks";
				PRODUCT_BUNDLE_IDENTIFIER = com.ra.RACustomCameraUITests;
				PRODUCT_NAME = "$(TARGET_NAME)";
				TEST_TARGET_NAME = RACustomCamera;
				USES_XCTRUNNER = YES;
			};
			name = Release;
		};
/* End XCBuildConfiguration section */

/* Begin XCConfigurationList section */
		5CF338AA1BAFF22C00F60ACD /* Build configuration list for PBXProject "RACustomCamera" */ = {
			isa = XCConfigurationList;
			buildConfigurations = (
				5CF338DA1BAFF22C00F60ACD /* Debug */,
				5CF338DB1BAFF22C00F60ACD /* Release */,
			);
			defaultConfigurationIsVisible = 0;
			defaultConfigurationName = Release;
		};
		5CF338DC1BAFF22C00F60ACD /* Build configuration list for PBXNativeTarget "RACustomCamera" */ = {
			isa = XCConfigurationList;
			buildConfigurations = (
				5CF338DD1BAFF22C00F60ACD /* Debug */,
				5CF338DE1BAFF22C00F60ACD /* Release */,
			);
			defaultConfigurationIsVisible = 0;
			defaultConfigurationName = Release;
		};
		5CF338DF1BAFF22C00F60ACD /* Build configuration list for PBXNativeTarget "RACustomCameraTests" */ = {
			isa = XCConfigurationList;
			buildConfigurations = (
				5CF338E01BAFF22C00F60ACD /* Debug */,
				5CF338E11BAFF22C00F60ACD /* Release */,
			);
			defaultConfigurationIsVisible = 0;
			defaultConfigurationName = Release;
		};
		5CF338E21BAFF22C00F60ACD /* Build configuration list for PBXNativeTarget "RACustomCameraUITests" */ = {
			isa = XCConfigurationList;
			buildConfigurations = (
				5CF338E31BAFF22C00F60ACD /* Debug */,
				5CF338E41BAFF22C00F60ACD /* Release */,
			);
			defaultConfigurationIsVisible = 0;
			defaultConfigurationName = Release;
		};
/* End XCConfigurationList section */
	};
	rootObject = 5CF338A71BAFF22C00F60ACD /* Project object */;
}
